
Microsoft Visual Studio Solution File, Format Version 12.00
# Visual Studio Version 17
VisualStudioVersion = 17.12.35514.174
MinimumVisualStudioVersion = 10.0.40219.1
Project("{FAE04EC0-301F-11D3-BF4B-00C04F79EFBC}") = "1_Solid_Principle", "1_Solid_Principle\1_Solid_Principle.csproj", "{22CA5FD0-B005-406E-8A02-115584DDE9B5}"
EndProject
Project("{FAE04EC0-301F-11D3-BF4B-00C04F79EFBC}") = "2_DIP_DI", "2_DIP_DI\2_DIP_DI.csproj", "{4BB01A8D-7776-43A9-B670-2EC10FA2EEF4}"
EndProject
Project("{FAE04EC0-301F-11D3-BF4B-00C04F79EFBC}") = "3_Learn_Without_DIP", "3_Learn_Without_DIP\3_Learn_Without_DIP.csproj", "{79B4E7FC-E93F-40B3-82C2-3E185184A59D}"
EndProject
Project("{FAE04EC0-301F-11D3-BF4B-00C04F79EFBC}") = "4_DIp&DI", "4_DIp&DI\4_DIp&DI.csproj", "{DBE6804A-13FF-43E5-8532-FD7E6A656B12}"
EndProject
Project("{FAE04EC0-301F-11D3-BF4B-00C04F79EFBC}") = "5_DI_IOC", "5_DI_IOC\5_DI_IOC.csproj", "{BC9D5C7D-B103-4AFB-AF1F-C7051A74729B}"
EndProject
Project("{FAE04EC0-301F-11D3-BF4B-00C04F79EFBC}") = "6_Singleton_Design_Patteren", "6_Singleton_Design_Patteren\6_Singleton_Design_Patteren.csproj", "{B482EAA5-1275-473A-829E-AF4B41EDD328}"
EndProject
Project("{FAE04EC0-301F-11D3-BF4B-00C04F79EFBC}") = "7_Factory_Design_Pattern", "7_Factory_Design_Pattern\7_Factory_Design_Pattern.csproj", "{3C247A10-F50A-4262-BE77-BEDB08BE13FC}"
EndProject
Project("{2150E333-8FDC-42A3-9474-1A3956D46DE8}") = "8_Project_Architecture", "8_Project_Architecture", "{B4D8DE46-7503-4E26-A12A-74130C31525C}"
EndProject
Project("{FAE04EC0-301F-11D3-BF4B-00C04F79EFBC}") = "DAL", "DAL\DAL.csproj", "{E8B28D03-2B6E-47F1-A5E5-4E9B80D95054}"
EndProject
Project("{FAE04EC0-301F-11D3-BF4B-00C04F79EFBC}") = "BAL", "BAL\BAL.csproj", "{FB6AA093-03AD-414E-BAA4-58E1C4CCA959}"
EndProject
Project("{FAE04EC0-301F-11D3-BF4B-00C04F79EFBC}") = "Repository", "Repository\Repository.csproj", "{1EF19E78-C96C-49E3-9AF5-FF439652F8F9}"
EndProject
Project("{FAE04EC0-301F-11D3-BF4B-00C04F79EFBC}") = "Model", "Model\Model.csproj", "{6C360F78-AE0D-4F73-8E5D-3E65C93BE5D8}"
EndProject
Project("{FAE04EC0-301F-11D3-BF4B-00C04F79EFBC}") = "Web_UI", "Web_UI\Web_UI.csproj", "{E8235777-07D0-4F9A-B222-B1CA75D71865}"
EndProject
Global
	GlobalSection(SolutionConfigurationPlatforms) = preSolution
		Debug|Any CPU = Debug|Any CPU
		Release|Any CPU = Release|Any CPU
	EndGlobalSection
	GlobalSection(ProjectConfigurationPlatforms) = postSolution
		{22CA5FD0-B005-406E-8A02-115584DDE9B5}.Debug|Any CPU.ActiveCfg = Debug|Any CPU
		{22CA5FD0-B005-406E-8A02-115584DDE9B5}.Debug|Any CPU.Build.0 = Debug|Any CPU
		{22CA5FD0-B005-406E-8A02-115584DDE9B5}.Release|Any CPU.ActiveCfg = Release|Any CPU
		{22CA5FD0-B005-406E-8A02-115584DDE9B5}.Release|Any CPU.Build.0 = Release|Any CPU
		{4BB01A8D-7776-43A9-B670-2EC10FA2EEF4}.Debug|Any CPU.ActiveCfg = Debug|Any CPU
		{4BB01A8D-7776-43A9-B670-2EC10FA2EEF4}.Debug|Any CPU.Build.0 = Debug|Any CPU
		{4BB01A8D-7776-43A9-B670-2EC10FA2EEF4}.Release|Any CPU.ActiveCfg = Release|Any CPU
		{4BB01A8D-7776-43A9-B670-2EC10FA2EEF4}.Release|Any CPU.Build.0 = Release|Any CPU
		{79B4E7FC-E93F-40B3-82C2-3E185184A59D}.Debug|Any CPU.ActiveCfg = Debug|Any CPU
		{79B4E7FC-E93F-40B3-82C2-3E185184A59D}.Debug|Any CPU.Build.0 = Debug|Any CPU
		{79B4E7FC-E93F-40B3-82C2-3E185184A59D}.Release|Any CPU.ActiveCfg = Release|Any CPU
		{79B4E7FC-E93F-40B3-82C2-3E185184A59D}.Release|Any CPU.Build.0 = Release|Any CPU
		{DBE6804A-13FF-43E5-8532-FD7E6A656B12}.Debug|Any CPU.ActiveCfg = Debug|Any CPU
		{DBE6804A-13FF-43E5-8532-FD7E6A656B12}.Debug|Any CPU.Build.0 = Debug|Any CPU
		{DBE6804A-13FF-43E5-8532-FD7E6A656B12}.Release|Any CPU.ActiveCfg = Release|Any CPU
		{DBE6804A-13FF-43E5-8532-FD7E6A656B12}.Release|Any CPU.Build.0 = Release|Any CPU
		{BC9D5C7D-B103-4AFB-AF1F-C7051A74729B}.Debug|Any CPU.ActiveCfg = Debug|Any CPU
		{BC9D5C7D-B103-4AFB-AF1F-C7051A74729B}.Debug|Any CPU.Build.0 = Debug|Any CPU
		{BC9D5C7D-B103-4AFB-AF1F-C7051A74729B}.Release|Any CPU.ActiveCfg = Release|Any CPU
		{BC9D5C7D-B103-4AFB-AF1F-C7051A74729B}.Release|Any CPU.Build.0 = Release|Any CPU
		{B482EAA5-1275-473A-829E-AF4B41EDD328}.Debug|Any CPU.ActiveCfg = Debug|Any CPU
		{B482EAA5-1275-473A-829E-AF4B41EDD328}.Debug|Any CPU.Build.0 = Debug|Any CPU
		{B482EAA5-1275-473A-829E-AF4B41EDD328}.Release|Any CPU.ActiveCfg = Release|Any CPU
		{B482EAA5-1275-473A-829E-AF4B41EDD328}.Release|Any CPU.Build.0 = Release|Any CPU
		{3C247A10-F50A-4262-BE77-BEDB08BE13FC}.Debug|Any CPU.ActiveCfg = Debug|Any CPU
		{3C247A10-F50A-4262-BE77-BEDB08BE13FC}.Debug|Any CPU.Build.0 = Debug|Any CPU
		{3C247A10-F50A-4262-BE77-BEDB08BE13FC}.Release|Any CPU.ActiveCfg = Release|Any CPU
		{3C247A10-F50A-4262-BE77-BEDB08BE13FC}.Release|Any CPU.Build.0 = Release|Any CPU
		{E8B28D03-2B6E-47F1-A5E5-4E9B80D95054}.Debug|Any CPU.ActiveCfg = Debug|Any CPU
		{E8B28D03-2B6E-47F1-A5E5-4E9B80D95054}.Debug|Any CPU.Build.0 = Debug|Any CPU
		{E8B28D03-2B6E-47F1-A5E5-4E9B80D95054}.Release|Any CPU.ActiveCfg = Release|Any CPU
		{E8B28D03-2B6E-47F1-A5E5-4E9B80D95054}.Release|Any CPU.Build.0 = Release|Any CPU
		{FB6AA093-03AD-414E-BAA4-58E1C4CCA959}.Debug|Any CPU.ActiveCfg = Debug|Any CPU
		{FB6AA093-03AD-414E-BAA4-58E1C4CCA959}.Debug|Any CPU.Build.0 = Debug|Any CPU
		{FB6AA093-03AD-414E-BAA4-58E1C4CCA959}.Release|Any CPU.ActiveCfg = Release|Any CPU
		{FB6AA093-03AD-414E-BAA4-58E1C4CCA959}.Release|Any CPU.Build.0 = Release|Any CPU
		{1EF19E78-C96C-49E3-9AF5-FF439652F8F9}.Debug|Any CPU.ActiveCfg = Debug|Any CPU
		{1EF19E78-C96C-49E3-9AF5-FF439652F8F9}.Debug|Any CPU.Build.0 = Debug|Any CPU
		{1EF19E78-C96C-49E3-9AF5-FF439652F8F9}.Release|Any CPU.ActiveCfg = Release|Any CPU
		{1EF19E78-C96C-49E3-9AF5-FF439652F8F9}.Release|Any CPU.Build.0 = Release|Any CPU
		{6C360F78-AE0D-4F73-8E5D-3E65C93BE5D8}.Debug|Any CPU.ActiveCfg = Debug|Any CPU
		{6C360F78-AE0D-4F73-8E5D-3E65C93BE5D8}.Debug|Any CPU.Build.0 = Debug|Any CPU
		{6C360F78-AE0D-4F73-8E5D-3E65C93BE5D8}.Release|Any CPU.ActiveCfg = Release|Any CPU
		{6C360F78-AE0D-4F73-8E5D-3E65C93BE5D8}.Release|Any CPU.Build.0 = Release|Any CPU
		{E8235777-07D0-4F9A-B222-B1CA75D71865}.Debug|Any CPU.ActiveCfg = Debug|Any CPU
		{E8235777-07D0-4F9A-B222-B1CA75D71865}.Debug|Any CPU.Build.0 = Debug|Any CPU
		{E8235777-07D0-4F9A-B222-B1CA75D71865}.Release|Any CPU.ActiveCfg = Release|Any CPU
		{E8235777-07D0-4F9A-B222-B1CA75D71865}.Release|Any CPU.Build.0 = Release|Any CPU
	EndGlobalSection
	GlobalSection(SolutionProperties) = preSolution
		HideSolutionNode = FALSE
	EndGlobalSection
	GlobalSection(NestedProjects) = preSolution
		{E8B28D03-2B6E-47F1-A5E5-4E9B80D95054} = {B4D8DE46-7503-4E26-A12A-74130C31525C}
		{FB6AA093-03AD-414E-BAA4-58E1C4CCA959} = {B4D8DE46-7503-4E26-A12A-74130C31525C}
		{1EF19E78-C96C-49E3-9AF5-FF439652F8F9} = {B4D8DE46-7503-4E26-A12A-74130C31525C}
		{6C360F78-AE0D-4F73-8E5D-3E65C93BE5D8} = {B4D8DE46-7503-4E26-A12A-74130C31525C}
		{E8235777-07D0-4F9A-B222-B1CA75D71865} = {B4D8DE46-7503-4E26-A12A-74130C31525C}
	EndGlobalSection
EndGlobal
